
Microsoft Visual Studio Solution File, Format Version 12.00
# Visual Studio Version 16
VisualStudioVersion = 16.0.29709.97
MinimumVisualStudioVersion = 10.0.40219.1
Project("{FAE04EC0-301F-11D3-BF4B-00C04F79EFBC}") = "practica4-4", "practica4-4.csproj", "{ED7271EE-0117-4B11-B943-CF7A4F208925}"
EndProject
Global
	GlobalSection(SolutionConfigurationPlatforms) = preSolution
		Debug|Any CPU = Debug|Any CPU
		Release|Any CPU = Release|Any CPU
	EndGlobalSection
	GlobalSection(ProjectConfigurationPlatforms) = postSolution
		{ED7271EE-0117-4B11-B943-CF7A4F208925}.Debug|Any CPU.ActiveCfg = Debug|Any CPU
		{ED7271EE-0117-4B11-B943-CF7A4F208925}.Debug|Any CPU.Build.0 = Debug|Any CPU
		{ED7271EE-0117-4B11-B943-CF7A4F208925}.Release|Any CPU.ActiveCfg = Release|Any CPU
		{ED7271EE-0117-4B11-B943-CF7A4F208925}.Release|Any CPU.Build.0 = Release|Any CPU
	EndGlobalSection
	GlobalSection(SolutionProperties) = preSolution
		HideSolutionNode = FALSE
	EndGlobalSection
	GlobalSection(ExtensibilityGlobals) = postSolution
		SolutionGuid = {2500CC89-7487-4C64-A2E3-E238E5D42B44}
	EndGlobalSection
EndGlobal
