
Microsoft Visual Studio Solution File, Format Version 12.00
# Visual Studio Version 16
VisualStudioVersion = 16.0.29709.97
MinimumVisualStudioVersion = 10.0.40219.1
Project("{FAE04EC0-301F-11D3-BF4B-00C04F79EFBC}") = "practica3-2", "practica3-2.csproj", "{3D1626E1-399B-4322-9E5F-576F86E3B8EE}"
EndProject
Global
	GlobalSection(SolutionConfigurationPlatforms) = preSolution
		Debug|Any CPU = Debug|Any CPU
		Release|Any CPU = Release|Any CPU
	EndGlobalSection
	GlobalSection(ProjectConfigurationPlatforms) = postSolution
		{3D1626E1-399B-4322-9E5F-576F86E3B8EE}.Debug|Any CPU.ActiveCfg = Debug|Any CPU
		{3D1626E1-399B-4322-9E5F-576F86E3B8EE}.Debug|Any CPU.Build.0 = Debug|Any CPU
		{3D1626E1-399B-4322-9E5F-576F86E3B8EE}.Release|Any CPU.ActiveCfg = Release|Any CPU
		{3D1626E1-399B-4322-9E5F-576F86E3B8EE}.Release|Any CPU.Build.0 = Release|Any CPU
	EndGlobalSection
	GlobalSection(SolutionProperties) = preSolution
		HideSolutionNode = FALSE
	EndGlobalSection
	GlobalSection(ExtensibilityGlobals) = postSolution
		SolutionGuid = {62A14E5B-EA69-4C89-9A5E-E27F93819E81}
	EndGlobalSection
EndGlobal
